
Microsoft Visual Studio Solution File, Format Version 12.00
# Visual Studio Version 16
VisualStudioVersion = 16.0.30503.244
MinimumVisualStudioVersion = 10.0.40219.1
Project("{FAE04EC0-301F-11D3-BF4B-00C04F79EFBC}") = "PLC Connection App", "PLC Connection App\PLC Connection App.csproj", "{ED0F0BCE-40CE-4147-A0B5-42BCC6A77429}"
EndProject
Global
	GlobalSection(SolutionConfigurationPlatforms) = preSolution
		Debug|Any CPU = Debug|Any CPU
		Release|Any CPU = Release|Any CPU
	EndGlobalSection
	GlobalSection(ProjectConfigurationPlatforms) = postSolution
		{ED0F0BCE-40CE-4147-A0B5-42BCC6A77429}.Debug|Any CPU.ActiveCfg = Debug|Any CPU
		{ED0F0BCE-40CE-4147-A0B5-42BCC6A77429}.Debug|Any CPU.Build.0 = Debug|Any CPU
		{ED0F0BCE-40CE-4147-A0B5-42BCC6A77429}.Release|Any CPU.ActiveCfg = Release|Any CPU
		{ED0F0BCE-40CE-4147-A0B5-42BCC6A77429}.Release|Any CPU.Build.0 = Release|Any CPU
	EndGlobalSection
	GlobalSection(SolutionProperties) = preSolution
		HideSolutionNode = FALSE
	EndGlobalSection
	GlobalSection(ExtensibilityGlobals) = postSolution
		SolutionGuid = {29B0F0AA-5ACB-41C2-AC1E-E41A965ADD73}
	EndGlobalSection
EndGlobal
